
Microsoft Visual Studio Solution File, Format Version 12.00
# Visual Studio Version 17
VisualStudioVersion = 17.13.35913.81 d17.13
MinimumVisualStudioVersion = 10.0.40219.1
Project("{FAE04EC0-301F-11D3-BF4B-00C04F79EFBC}") = "FCG.Service", "src\FCG.Service\FCG.Service.csproj", "{BFB80F54-C3C7-406B-AA6D-EFF407AB9B4A}"
EndProject
Project("{FAE04EC0-301F-11D3-BF4B-00C04F79EFBC}") = "FCG.Domain", "src\FCG.Domain\FCG.Domain.csproj", "{E74447B9-DF0C-4B29-9376-EA4F8FB4E2A7}"
EndProject
Project("{FAE04EC0-301F-11D3-BF4B-00C04F79EFBC}") = "FCG.Infrastructure", "src\FCG.Infrastructure\FCG.Infrastructure.csproj", "{D47EE74A-2D6D-492A-97D9-89EDCC023EC8}"
EndProject
Project("{FAE04EC0-301F-11D3-BF4B-00C04F79EFBC}") = "FCG.Presentation", "src\FCG.Presentation\FCG.Presentation.csproj", "{AABC3B49-CA5D-42B5-8593-39BCFE472C6E}"
	ProjectSection(ProjectDependencies) = postProject
		{BFB80F54-C3C7-406B-AA6D-EFF407AB9B4A} = {BFB80F54-C3C7-406B-AA6D-EFF407AB9B4A}
	EndProjectSection
EndProject
Global
	GlobalSection(SolutionConfigurationPlatforms) = preSolution
		Debug|Any CPU = Debug|Any CPU
		Release|Any CPU = Release|Any CPU
	EndGlobalSection
	GlobalSection(ProjectConfigurationPlatforms) = postSolution
		{BFB80F54-C3C7-406B-AA6D-EFF407AB9B4A}.Debug|Any CPU.ActiveCfg = Debug|Any CPU
		{BFB80F54-C3C7-406B-AA6D-EFF407AB9B4A}.Debug|Any CPU.Build.0 = Debug|Any CPU
		{BFB80F54-C3C7-406B-AA6D-EFF407AB9B4A}.Release|Any CPU.ActiveCfg = Release|Any CPU
		{BFB80F54-C3C7-406B-AA6D-EFF407AB9B4A}.Release|Any CPU.Build.0 = Release|Any CPU
		{E74447B9-DF0C-4B29-9376-EA4F8FB4E2A7}.Debug|Any CPU.ActiveCfg = Debug|Any CPU
		{E74447B9-DF0C-4B29-9376-EA4F8FB4E2A7}.Debug|Any CPU.Build.0 = Debug|Any CPU
		{E74447B9-DF0C-4B29-9376-EA4F8FB4E2A7}.Release|Any CPU.ActiveCfg = Release|Any CPU
		{E74447B9-DF0C-4B29-9376-EA4F8FB4E2A7}.Release|Any CPU.Build.0 = Release|Any CPU
		{D47EE74A-2D6D-492A-97D9-89EDCC023EC8}.Debug|Any CPU.ActiveCfg = Debug|Any CPU
		{D47EE74A-2D6D-492A-97D9-89EDCC023EC8}.Debug|Any CPU.Build.0 = Debug|Any CPU
		{D47EE74A-2D6D-492A-97D9-89EDCC023EC8}.Release|Any CPU.ActiveCfg = Release|Any CPU
		{D47EE74A-2D6D-492A-97D9-89EDCC023EC8}.Release|Any CPU.Build.0 = Release|Any CPU
		{AABC3B49-CA5D-42B5-8593-39BCFE472C6E}.Debug|Any CPU.ActiveCfg = Debug|Any CPU
		{AABC3B49-CA5D-42B5-8593-39BCFE472C6E}.Debug|Any CPU.Build.0 = Debug|Any CPU
		{AABC3B49-CA5D-42B5-8593-39BCFE472C6E}.Release|Any CPU.ActiveCfg = Release|Any CPU
		{AABC3B49-CA5D-42B5-8593-39BCFE472C6E}.Release|Any CPU.Build.0 = Release|Any CPU
	EndGlobalSection
	GlobalSection(SolutionProperties) = preSolution
		HideSolutionNode = FALSE
	EndGlobalSection
	GlobalSection(ExtensibilityGlobals) = postSolution
		SolutionGuid = {E6C98E90-5039-49A6-8670-E7B5A3FDFC93}
	EndGlobalSection
EndGlobal
